{
  "name": "display-workspace",
  "version": "1.0.0",
  "lockfileVersion": 2,
  "requires": true,
  "packages": {
    "": {
      "name": "display-workspace",
      "version": "1.0.0",
      "license": "ISC",
      "dependencies": {
        "@interactjs/actions": "^1.10.11",
        "@interactjs/auto-start": "^1.10.11",
        "@interactjs/interact": "^1.10.11",
        "selecto": "^1.12.1"
      }
    },
    "node_modules/@daybrush/utils": {
      "version": "1.6.0",
      "resolved": "https://registry.npmjs.org/@daybrush/utils/-/utils-1.6.0.tgz",
      "integrity": "sha512-9MjMoOLl1U+l8lXByN3BbLZXf+mktoLyeb6t78Jz2WZ7LRldK0FNg8oW//9giO2hHCUyxS7LX6jS1hToGIfRWA=="
    },
    "node_modules/@egjs/children-differ": {
      "version": "1.0.1",
      "resolved": "https://registry.npmjs.org/@egjs/children-differ/-/children-differ-1.0.1.tgz",
      "integrity": "sha512-DRvyqMf+CPCOzAopQKHtW+X8iN6Hy6SFol+/7zCUiE5y4P/OB8JP8FtU4NxtZwtafvSL4faD5KoQYPj3JHzPFQ==",
      "dependencies": {
        "@egjs/list-differ": "^1.0.0"
      }
    },
    "node_modules/@egjs/list-differ": {
      "version": "1.0.0",
      "resolved": "https://registry.npmjs.org/@egjs/list-differ/-/list-differ-1.0.0.tgz",
      "integrity": "sha512-HsbMKc0ZAQH+EUeCmI/2PvTYSybmkaWwakU8QGDYYgMVIg9BQ5sM0A0Nnombjxo2+JzXHxmH+jw//yGX+y6GYw=="
    },
    "node_modules/@interactjs/actions": {
      "version": "1.10.11",
      "resolved": "https://registry.npmjs.org/@interactjs/actions/-/actions-1.10.11.tgz",
      "integrity": "sha512-P39zeefr4hkmKx+5nZ+mrH1s0l2YJ3gIHrthXmE81n6MlMa42m0WtHcTms4C5JTTNBP2EEDY+KGgGxSnmJKvUw==",
      "optionalDependencies": {
        "@interactjs/interact": "1.10.11"
      },
      "peerDependencies": {
        "@interactjs/core": "1.10.11",
        "@interactjs/utils": "1.10.11"
      }
    },
    "node_modules/@interactjs/auto-start": {
      "version": "1.10.11",
      "resolved": "https://registry.npmjs.org/@interactjs/auto-start/-/auto-start-1.10.11.tgz",
      "integrity": "sha512-cIg5CcalCPtC6AiGq6j/0hKUtL2MweEpvw12FuB19sz2Q9Dye0J4GliHKhOYvtumNinnvfVAZ4FZMqZEuX7YZA==",
      "optionalDependencies": {
        "@interactjs/interact": "1.10.11"
      },
      "peerDependencies": {
        "@interactjs/core": "1.10.11",
        "@interactjs/utils": "1.10.11"
      }
    },
    "node_modules/@interactjs/core": {
      "version": "1.10.11",
      "resolved": "https://registry.npmjs.org/@interactjs/core/-/core-1.10.11.tgz",
      "integrity": "sha512-aJ50ccVeszpJt7wPH7Yfqm7f1aG1SA94qd90P0NaESh5/QUXn4CESO6igobo4DFHQ5z+1Rfdl8aphP4JxlH4gw==",
      "peerDependencies": {
        "@interactjs/utils": "1.10.11"
      }
    },
    "node_modules/@interactjs/interact": {
      "version": "1.10.11",
      "resolved": "https://registry.npmjs.org/@interactjs/interact/-/interact-1.10.11.tgz",
      "integrity": "sha512-0iZJ9l547JuBA/lKxK4ARGYVmMqRSsAdA8gXL1zWe51qEIQq8PyWmMipoi8JbDaL7exC2THKwkXu5uq5ndT+iA==",
      "dependencies": {
        "@interactjs/core": "1.10.11",
        "@interactjs/types": "1.10.11",
        "@interactjs/utils": "1.10.11"
      }
    },
    "node_modules/@interactjs/types": {
      "version": "1.10.11",
      "resolved": "https://registry.npmjs.org/@interactjs/types/-/types-1.10.11.tgz",
      "integrity": "sha512-YRsVFWjL8Gkkvlx3qnjeaxW4fnibSJ9791g8BA7Pv5ANByI64WmtR1vU7A2rXcrOn8XvyCEfY0ss1s8NhZP+MA=="
    },
    "node_modules/@interactjs/utils": {
      "version": "1.10.11",
      "resolved": "https://registry.npmjs.org/@interactjs/utils/-/utils-1.10.11.tgz",
      "integrity": "sha512-410ZoxKF+r1roeSelL+WHXfdryUMg5iykC1XwQ3l6XqNw43IMACzyvTH6k6Pwxj7w7x42nce0Qdn1GQ3Y8xyCw=="
    },
    "node_modules/@scena/dragscroll": {
      "version": "1.0.1",
      "resolved": "https://registry.npmjs.org/@scena/dragscroll/-/dragscroll-1.0.1.tgz",
      "integrity": "sha512-EQXsJku85gb8dxlCWmMpqWieunN/Ojr5u5czNQwwC/Ab0YjhdHtvvK9DGS9ej9Uu4+MbN/F4HUTIMhhukx6dSg==",
      "dependencies": {
        "@scena/event-emitter": "^1.0.2"
      }
    },
    "node_modules/@scena/event-emitter": {
      "version": "1.0.5",
      "resolved": "https://registry.npmjs.org/@scena/event-emitter/-/event-emitter-1.0.5.tgz",
      "integrity": "sha512-AzY4OTb0+7ynefmWFQ6hxDdk0CySAq/D4efljfhtRHCOP7MBF9zUfhKG3TJiroVjASqVgkRJFdenS8ArZo6Olg==",
      "dependencies": {
        "@daybrush/utils": "^1.1.1"
      }
    },
    "node_modules/@scena/matrix": {
      "version": "1.1.1",
      "resolved": "https://registry.npmjs.org/@scena/matrix/-/matrix-1.1.1.tgz",
      "integrity": "sha512-JVKBhN0tm2Srl+Yt+Ywqu0oLgLcdemDQlD1OxmN9jaCTwaFPZ7tY8n6dhVgMEaR9qcR7r+kAlMXnSfNyYdE+Vg==",
      "dependencies": {
        "@daybrush/utils": "^1.4.0"
      }
    },
    "node_modules/css-styled": {
      "version": "1.0.0",
      "resolved": "https://registry.npmjs.org/css-styled/-/css-styled-1.0.0.tgz",
      "integrity": "sha512-lDdPvM2/djv+La110zVY3RGQ7X4OOlzLS+IEjRcn8UlUmJd1+GNcGfDFmsKWwnLBupsY1w0QM1gRgV4RdcCjfw==",
      "dependencies": {
        "@daybrush/utils": "^1.0.0",
        "string-hash": "^1.1.3"
      },
      "peerDependencies": {
        "@daybrush/utils": ">=1.0.0"
      }
    },
    "node_modules/css-to-mat": {
      "version": "1.0.3",
      "resolved": "https://registry.npmjs.org/css-to-mat/-/css-to-mat-1.0.3.tgz",
      "integrity": "sha512-HADRhVqPc8wFqEp6ClK+uuPYg+FMBinNo2ReLyI/KQCncmHPJ60o5zldyJG7NjsTqXWbdfGJO51jnoxfMvWJiA==",
      "dependencies": {
        "@daybrush/utils": "^1.3.1",
        "@scena/matrix": "^1.0.0"
      }
    },
    "node_modules/framework-utils": {
      "version": "1.1.0",
      "resolved": "https://registry.npmjs.org/framework-utils/-/framework-utils-1.1.0.tgz",
      "integrity": "sha512-KAfqli5PwpFJ8o3psRNs8svpMGyCSAe8nmGcjQ0zZBWN2H6dZDnq+ABp3N3hdUmFeMrLtjOCTXD4yplUJIWceg=="
    },
    "node_modules/gesto": {
      "version": "1.3.0",
      "resolved": "https://registry.npmjs.org/gesto/-/gesto-1.3.0.tgz",
      "integrity": "sha512-be9jSmhiDMjMzCQwBewOp/kBtKDB97d3e2lNkojMW9Ckgeu8c8Qglx7fopnLweoIGlIYsqDqwxHdJAkyL/TmFA==",
      "dependencies": {
        "@daybrush/utils": "^1.0.0",
        "@scena/event-emitter": "^1.0.2"
      }
    },
    "node_modules/keycode": {
      "version": "2.2.0",
      "resolved": "https://registry.npmjs.org/keycode/-/keycode-2.2.0.tgz",
      "integrity": "sha1-PQr1bce4uOXLqNCpfxByBO7CKwQ="
    },
    "node_modules/keycon": {
      "version": "1.1.2",
      "resolved": "https://registry.npmjs.org/keycon/-/keycon-1.1.2.tgz",
      "integrity": "sha512-yCoUAfwqmQUWrtOFuZhicxasF/4ae+M0aH8yV1wEKKZCZql8v6jWhlVF9dT5i1TfuHSmgt/GNuCaWIHT8wk6eQ==",
      "dependencies": {
        "@daybrush/utils": "^1.0.0",
        "@scena/event-emitter": "^1.0.2",
        "keycode": "^2.2.0"
      }
    },
    "node_modules/overlap-area": {
      "version": "1.0.0",
      "resolved": "https://registry.npmjs.org/overlap-area/-/overlap-area-1.0.0.tgz",
      "integrity": "sha512-Oi3hxRf6Flvv1upldnjOtV7euFkc75G/wsxYfS/ssNKEZ3Z+HbIoPHkFfLH3hgwqLJKpq9wdFo7I6xcdS6k8yg==",
      "dependencies": {
        "@daybrush/utils": "^1.3.1"
      }
    },
    "node_modules/selecto": {
      "version": "1.12.1",
      "resolved": "https://registry.npmjs.org/selecto/-/selecto-1.12.1.tgz",
      "integrity": "sha512-X/NcHVFp55YbmV15N8mq6NUexQ+5JM1lKXbGSjdS7hGXLcJ4vxs6VELQtNpoETSTdgDL3d0Hvp0z7sR9MtkXXg==",
      "dependencies": {
        "@daybrush/utils": "^1.4.0",
        "@egjs/children-differ": "^1.0.1",
        "@scena/dragscroll": "^1.0.1",
        "@scena/event-emitter": "^1.0.5",
        "css-styled": "^1.0.0",
        "css-to-mat": "^1.0.3",
        "framework-utils": "^1.1.0",
        "gesto": "^1.3.0",
        "keycon": "^1.1.2",
        "overlap-area": "^1.0.0"
      }
    },
    "node_modules/string-hash": {
      "version": "1.1.3",
      "resolved": "https://registry.npmjs.org/string-hash/-/string-hash-1.1.3.tgz",
      "integrity": "sha1-6Kr8CsGFW0Zmkp7X3RJ1311sgRs="
    }
  },
  "dependencies": {
    "@daybrush/utils": {
      "version": "1.6.0",
      "resolved": "https://registry.npmjs.org/@daybrush/utils/-/utils-1.6.0.tgz",
      "integrity": "sha512-9MjMoOLl1U+l8lXByN3BbLZXf+mktoLyeb6t78Jz2WZ7LRldK0FNg8oW//9giO2hHCUyxS7LX6jS1hToGIfRWA=="
    },
    "@egjs/children-differ": {
      "version": "1.0.1",
      "resolved": "https://registry.npmjs.org/@egjs/children-differ/-/children-differ-1.0.1.tgz",
      "integrity": "sha512-DRvyqMf+CPCOzAopQKHtW+X8iN6Hy6SFol+/7zCUiE5y4P/OB8JP8FtU4NxtZwtafvSL4faD5KoQYPj3JHzPFQ==",
      "requires": {
        "@egjs/list-differ": "^1.0.0"
      }
    },
    "@egjs/list-differ": {
      "version": "1.0.0",
      "resolved": "https://registry.npmjs.org/@egjs/list-differ/-/list-differ-1.0.0.tgz",
      "integrity": "sha512-HsbMKc0ZAQH+EUeCmI/2PvTYSybmkaWwakU8QGDYYgMVIg9BQ5sM0A0Nnombjxo2+JzXHxmH+jw//yGX+y6GYw=="
    },
    "@interactjs/actions": {
      "version": "1.10.11",
      "resolved": "https://registry.npmjs.org/@interactjs/actions/-/actions-1.10.11.tgz",
      "integrity": "sha512-P39zeefr4hkmKx+5nZ+mrH1s0l2YJ3gIHrthXmE81n6MlMa42m0WtHcTms4C5JTTNBP2EEDY+KGgGxSnmJKvUw==",
      "requires": {
        "@interactjs/interact": "1.10.11"
      }
    },
    "@interactjs/auto-start": {
      "version": "1.10.11",
      "resolved": "https://registry.npmjs.org/@interactjs/auto-start/-/auto-start-1.10.11.tgz",
      "integrity": "sha512-cIg5CcalCPtC6AiGq6j/0hKUtL2MweEpvw12FuB19sz2Q9Dye0J4GliHKhOYvtumNinnvfVAZ4FZMqZEuX7YZA==",
      "requires": {
        "@interactjs/interact": "1.10.11"
      }
    },
    "@interactjs/core": {
      "version": "1.10.11",
      "resolved": "https://registry.npmjs.org/@interactjs/core/-/core-1.10.11.tgz",
      "integrity": "sha512-aJ50ccVeszpJt7wPH7Yfqm7f1aG1SA94qd90P0NaESh5/QUXn4CESO6igobo4DFHQ5z+1Rfdl8aphP4JxlH4gw==",
      "requires": {}
    },
    "@interactjs/interact": {
      "version": "1.10.11",
      "resolved": "https://registry.npmjs.org/@interactjs/interact/-/interact-1.10.11.tgz",
      "integrity": "sha512-0iZJ9l547JuBA/lKxK4ARGYVmMqRSsAdA8gXL1zWe51qEIQq8PyWmMipoi8JbDaL7exC2THKwkXu5uq5ndT+iA==",
      "requires": {
        "@interactjs/core": "1.10.11",
        "@interactjs/types": "1.10.11",
        "@interactjs/utils": "1.10.11"
      }
    },
    "@interactjs/types": {
      "version": "1.10.11",
      "resolved": "https://registry.npmjs.org/@interactjs/types/-/types-1.10.11.tgz",
      "integrity": "sha512-YRsVFWjL8Gkkvlx3qnjeaxW4fnibSJ9791g8BA7Pv5ANByI64WmtR1vU7A2rXcrOn8XvyCEfY0ss1s8NhZP+MA=="
    },
    "@interactjs/utils": {
      "version": "1.10.11",
      "resolved": "https://registry.npmjs.org/@interactjs/utils/-/utils-1.10.11.tgz",
      "integrity": "sha512-410ZoxKF+r1roeSelL+WHXfdryUMg5iykC1XwQ3l6XqNw43IMACzyvTH6k6Pwxj7w7x42nce0Qdn1GQ3Y8xyCw=="
    },
    "@scena/dragscroll": {
      "version": "1.0.1",
      "resolved": "https://registry.npmjs.org/@scena/dragscroll/-/dragscroll-1.0.1.tgz",
      "integrity": "sha512-EQXsJku85gb8dxlCWmMpqWieunN/Ojr5u5czNQwwC/Ab0YjhdHtvvK9DGS9ej9Uu4+MbN/F4HUTIMhhukx6dSg==",
      "requires": {
        "@scena/event-emitter": "^1.0.2"
      }
    },
    "@scena/event-emitter": {
      "version": "1.0.5",
      "resolved": "https://registry.npmjs.org/@scena/event-emitter/-/event-emitter-1.0.5.tgz",
      "integrity": "sha512-AzY4OTb0+7ynefmWFQ6hxDdk0CySAq/D4efljfhtRHCOP7MBF9zUfhKG3TJiroVjASqVgkRJFdenS8ArZo6Olg==",
      "requires": {
        "@daybrush/utils": "^1.1.1"
      }
    },
    "@scena/matrix": {
      "version": "1.1.1",
      "resolved": "https://registry.npmjs.org/@scena/matrix/-/matrix-1.1.1.tgz",
      "integrity": "sha512-JVKBhN0tm2Srl+Yt+Ywqu0oLgLcdemDQlD1OxmN9jaCTwaFPZ7tY8n6dhVgMEaR9qcR7r+kAlMXnSfNyYdE+Vg==",
      "requires": {
        "@daybrush/utils": "^1.4.0"
      }
    },
    "css-styled": {
      "version": "1.0.0",
      "resolved": "https://registry.npmjs.org/css-styled/-/css-styled-1.0.0.tgz",
      "integrity": "sha512-lDdPvM2/djv+La110zVY3RGQ7X4OOlzLS+IEjRcn8UlUmJd1+GNcGfDFmsKWwnLBupsY1w0QM1gRgV4RdcCjfw==",
      "requires": {
        "string-hash": "^1.1.3"
      }
    },
    "css-to-mat": {
      "version": "1.0.3",
      "resolved": "https://registry.npmjs.org/css-to-mat/-/css-to-mat-1.0.3.tgz",
      "integrity": "sha512-HADRhVqPc8wFqEp6ClK+uuPYg+FMBinNo2ReLyI/KQCncmHPJ60o5zldyJG7NjsTqXWbdfGJO51jnoxfMvWJiA==",
      "requires": {
        "@daybrush/utils": "^1.3.1",
        "@scena/matrix": "^1.0.0"
      }
    },
    "framework-utils": {
      "version": "1.1.0",
      "resolved": "https://registry.npmjs.org/framework-utils/-/framework-utils-1.1.0.tgz",
      "integrity": "sha512-KAfqli5PwpFJ8o3psRNs8svpMGyCSAe8nmGcjQ0zZBWN2H6dZDnq+ABp3N3hdUmFeMrLtjOCTXD4yplUJIWceg=="
    },
    "gesto": {
      "version": "1.3.0",
      "resolved": "https://registry.npmjs.org/gesto/-/gesto-1.3.0.tgz",
      "integrity": "sha512-be9jSmhiDMjMzCQwBewOp/kBtKDB97d3e2lNkojMW9Ckgeu8c8Qglx7fopnLweoIGlIYsqDqwxHdJAkyL/TmFA==",
      "requires": {
        "@daybrush/utils": "^1.0.0",
        "@scena/event-emitter": "^1.0.2"
      }
    },
    "keycode": {
      "version": "2.2.0",
      "resolved": "https://registry.npmjs.org/keycode/-/keycode-2.2.0.tgz",
      "integrity": "sha1-PQr1bce4uOXLqNCpfxByBO7CKwQ="
    },
    "keycon": {
      "version": "1.1.2",
      "resolved": "https://registry.npmjs.org/keycon/-/keycon-1.1.2.tgz",
      "integrity": "sha512-yCoUAfwqmQUWrtOFuZhicxasF/4ae+M0aH8yV1wEKKZCZql8v6jWhlVF9dT5i1TfuHSmgt/GNuCaWIHT8wk6eQ==",
      "requires": {
        "@daybrush/utils": "^1.0.0",
        "@scena/event-emitter": "^1.0.2",
        "keycode": "^2.2.0"
      }
    },
    "overlap-area": {
      "version": "1.0.0",
      "resolved": "https://registry.npmjs.org/overlap-area/-/overlap-area-1.0.0.tgz",
      "integrity": "sha512-Oi3hxRf6Flvv1upldnjOtV7euFkc75G/wsxYfS/ssNKEZ3Z+HbIoPHkFfLH3hgwqLJKpq9wdFo7I6xcdS6k8yg==",
      "requires": {
        "@daybrush/utils": "^1.3.1"
      }
    },
    "selecto": {
      "version": "1.12.1",
      "resolved": "https://registry.npmjs.org/selecto/-/selecto-1.12.1.tgz",
      "integrity": "sha512-X/NcHVFp55YbmV15N8mq6NUexQ+5JM1lKXbGSjdS7hGXLcJ4vxs6VELQtNpoETSTdgDL3d0Hvp0z7sR9MtkXXg==",
      "requires": {
        "@daybrush/utils": "^1.4.0",
        "@egjs/children-differ": "^1.0.1",
        "@scena/dragscroll": "^1.0.1",
        "@scena/event-emitter": "^1.0.5",
        "css-styled": "^1.0.0",
        "css-to-mat": "^1.0.3",
        "framework-utils": "^1.1.0",
        "gesto": "^1.3.0",
        "keycon": "^1.1.2",
        "overlap-area": "^1.0.0"
      }
    },
    "string-hash": {
      "version": "1.1.3",
      "resolved": "https://registry.npmjs.org/string-hash/-/string-hash-1.1.3.tgz",
      "integrity": "sha1-6Kr8CsGFW0Zmkp7X3RJ1311sgRs="
    }
  }
}
